// !$*UTF8*$!
{
	archiveVersion = 1;
	classes = {
	};
	objectVersion = 50;
	objects = {

/* Begin PBXBuildFile section */
		471E8464251B6E1B005B4B14 /* libqpdf.a in Frameworks */ = {isa = PBXBuildFile; fileRef = 471E845E251B6E04005B4B14 /* libqpdf.a */; };
		471E84AE251BB0F2005B4B14 /* annotation.cc in Sources */ = {isa = PBXBuildFile; fileRef = 471E84AC251BB0F2005B4B14 /* annotation.cc */; };
		471E84B5251BB302005B4B14 /* writer.cc in Sources */ = {isa = PBXBuildFile; fileRef = 471E84B3251BB302005B4B14 /* writer.cc */; };
		472C18B4251A0F2200811559 /* signer.cc in Sources */ = {isa = PBXBuildFile; fileRef = 472C18B2251A0F2200811559 /* signer.cc */; };
		472C18C4251A100300811559 /* main.cc in Sources */ = {isa = PBXBuildFile; fileRef = 472C18C1251A100300811559 /* main.cc */; };
		472C19CF251A166100811559 /* libcasper-cc.a in Frameworks */ = {isa = PBXBuildFile; fileRef = 472C19CD251A165700811559 /* libcasper-cc.a */; };
		472C19F1251A17F900811559 /* p7.cc in Sources */ = {isa = PBXBuildFile; fileRef = 472C19EF251A17F900811559 /* p7.cc */; };
		472C19F8251A192800811559 /* certificate.cc in Sources */ = {isa = PBXBuildFile; fileRef = 472C19F7251A192800811559 /* certificate.cc */; };
		472C1A06251A1BA100811559 /* private_key.cc in Sources */ = {isa = PBXBuildFile; fileRef = 472C1A05251A1BA100811559 /* private_key.cc */; };
		4785D98C252E28F700D1F8D2 /* object.cc in Sources */ = {isa = PBXBuildFile; fileRef = 4785D98A252E28F700D1F8D2 /* object.cc */; };
		4785D994252E299700D1F8D2 /* object.cc in Sources */ = {isa = PBXBuildFile; fileRef = 4785D98A252E28F700D1F8D2 /* object.cc */; };
		47B4F1BC251C8ECC001ED028 /* annotation.cc in Sources */ = {isa = PBXBuildFile; fileRef = 47B4F1BA251C8ECC001ED028 /* annotation.cc */; };
		47B4F1BE251C8ECC001ED028 /* annotation.h in Headers */ = {isa = PBXBuildFile; fileRef = 47B4F1BB251C8ECC001ED028 /* annotation.h */; };
		47B4F1DB251CA1C1001ED028 /* Foundation.framework in Frameworks */ = {isa = PBXBuildFile; fileRef = 47B4F1DA251CA1C1001ED028 /* Foundation.framework */; };
		47B4F1DF251CA1D6001ED028 /* libiconv.tbd in Frameworks */ = {isa = PBXBuildFile; fileRef = 47B4F1DE251CA1D5001ED028 /* libiconv.tbd */; };
		47B4F209251CA250001ED028 /* libbz2.tbd in Frameworks */ = {isa = PBXBuildFile; fileRef = 47B4F208251CA250001ED028 /* libbz2.tbd */; };
		47B4F21C251CA277001ED028 /* private_key.cc in Sources */ = {isa = PBXBuildFile; fileRef = 472C1A05251A1BA100811559 /* private_key.cc */; };
		47B4F21D251CA277001ED028 /* p7.cc in Sources */ = {isa = PBXBuildFile; fileRef = 472C19EF251A17F900811559 /* p7.cc */; };
		47B4F21E251CA277001ED028 /* certificate.cc in Sources */ = {isa = PBXBuildFile; fileRef = 472C19F7251A192800811559 /* certificate.cc */; };
		47B4F21F251CA277001ED028 /* writer.cc in Sources */ = {isa = PBXBuildFile; fileRef = 471E84B3251BB302005B4B14 /* writer.cc */; };
		47B4F220251CA277001ED028 /* signer.cc in Sources */ = {isa = PBXBuildFile; fileRef = 472C18B2251A0F2200811559 /* signer.cc */; };
		47B4F221251CA277001ED028 /* annotation.cc in Sources */ = {isa = PBXBuildFile; fileRef = 471E84AC251BB0F2005B4B14 /* annotation.cc */; };
		47B4F222251CA277001ED028 /* annotation.cc in Sources */ = {isa = PBXBuildFile; fileRef = 47B4F1BA251C8ECC001ED028 /* annotation.cc */; };
		47B4F227251CA422001ED028 /* writer.h in Headers */ = {isa = PBXBuildFile; fileRef = 47B4F225251CA422001ED028 /* writer.h */; };
		47B4F228251CA422001ED028 /* writer.cc in Sources */ = {isa = PBXBuildFile; fileRef = 47B4F226251CA422001ED028 /* writer.cc */; };
		47B4F229251CA422001ED028 /* writer.cc in Sources */ = {isa = PBXBuildFile; fileRef = 47B4F226251CA422001ED028 /* writer.cc */; };
		47B4F232251CB31D001ED028 /* reader.cc in Sources */ = {isa = PBXBuildFile; fileRef = 47B4F230251CB31D001ED028 /* reader.cc */; };
		47B4F233251CB31D001ED028 /* reader.cc in Sources */ = {isa = PBXBuildFile; fileRef = 47B4F230251CB31D001ED028 /* reader.cc */; };
		47B4F234251CB31D001ED028 /* reader.h in Headers */ = {isa = PBXBuildFile; fileRef = 47B4F231251CB31D001ED028 /* reader.h */; };
		47B4F239251CB327001ED028 /* reader.cc in Sources */ = {isa = PBXBuildFile; fileRef = 47B4F237251CB326001ED028 /* reader.cc */; };
		47B4F23A251CB327001ED028 /* reader.cc in Sources */ = {isa = PBXBuildFile; fileRef = 47B4F237251CB326001ED028 /* reader.cc */; };
		47B4F23B251CB327001ED028 /* reader.h in Headers */ = {isa = PBXBuildFile; fileRef = 47B4F238251CB327001ED028 /* reader.h */; };
/* End PBXBuildFile section */

/* Begin PBXContainerItemProxy section */
		471E845D251B6E04005B4B14 /* PBXContainerItemProxy */ = {
			isa = PBXContainerItemProxy;
			containerPortal = 471E8456251B6E04005B4B14 /* qpdf.xcodeproj */;
			proxyType = 2;
			remoteGlobalIDString = 47BD72A2250141DE00095554;
			remoteInfo = qpdf;
		};
		471E8462251B6E11005B4B14 /* PBXContainerItemProxy */ = {
			isa = PBXContainerItemProxy;
			containerPortal = 471E8456251B6E04005B4B14 /* qpdf.xcodeproj */;
			proxyType = 1;
			remoteGlobalIDString = 47BD72A1250141DE00095554;
			remoteInfo = qpdf;
		};
		472C18DB251A15BA00811559 /* PBXContainerItemProxy */ = {
			isa = PBXContainerItemProxy;
			containerPortal = 472C18D5251A15BA00811559 /* casper-connectors.xcodeproj */;
			proxyType = 2;
			remoteGlobalIDString = 476EF7CA1E23EC91004A13C2;
			remoteInfo = "casper-connectors";
		};
		472C18DD251A15BA00811559 /* PBXContainerItemProxy */ = {
			isa = PBXContainerItemProxy;
			containerPortal = 472C18D5251A15BA00811559 /* casper-connectors.xcodeproj */;
			proxyType = 2;
			remoteGlobalIDString = 47E9FA8822300AE80043E8DF;
			remoteInfo = "casper-connectors-v8";
		};
		472C18DF251A15BA00811559 /* PBXContainerItemProxy */ = {
			isa = PBXContainerItemProxy;
			containerPortal = 472C18D5251A15BA00811559 /* casper-connectors.xcodeproj */;
			proxyType = 2;
			remoteGlobalIDString = 47DDAD162452EFF20056D703;
			remoteInfo = "casper-connectors-icu";
		};
		472C19C6251A165700811559 /* PBXContainerItemProxy */ = {
			isa = PBXContainerItemProxy;
			containerPortal = 472C18D5251A15BA00811559 /* casper-connectors.xcodeproj */;
			proxyType = 1;
			remoteGlobalIDString = 472C18E7251A15FC00811559;
			remoteInfo = "casper-cc";
		};
		472C19CC251A165700811559 /* PBXContainerItemProxy */ = {
			isa = PBXContainerItemProxy;
			containerPortal = 472C18D5251A15BA00811559 /* casper-connectors.xcodeproj */;
			proxyType = 2;
			remoteGlobalIDString = 472C199F251A15FC00811559;
			remoteInfo = "casper-cc";
		};
/* End PBXContainerItemProxy section */

/* Begin PBXCopyFilesBuildPhase section */
		472C1894251A0E8200811559 /* CopyFiles */ = {
			isa = PBXCopyFilesBuildPhase;
			buildActionMask = 2147483647;
			dstPath = /usr/share/man/man1/;
			dstSubfolderSpec = 0;
			files = (
			);
			runOnlyForDeploymentPostprocessing = 1;
		};
/* End PBXCopyFilesBuildPhase section */

/* Begin PBXFileReference section */
		470AC1FE25277AE100F4F665 /* types.h */ = {isa = PBXFileReference; lastKnownFileType = sourcecode.c.h; path = types.h; sourceTree = "<group>"; };
		471E8456251B6E04005B4B14 /* qpdf.xcodeproj */ = {isa = PBXFileReference; lastKnownFileType = "wrapper.pb-project"; name = qpdf.xcodeproj; path = qpdf/qpdf.xcodeproj; sourceTree = "<group>"; };
		471E8466251B6E41005B4B14 /* common.xcconfig */ = {isa = PBXFileReference; lastKnownFileType = text.xcconfig; path = common.xcconfig; sourceTree = "<group>"; };
		471E8467251B6E41005B4B14 /* debug.xcconfig */ = {isa = PBXFileReference; lastKnownFileType = text.xcconfig; path = debug.xcconfig; sourceTree = "<group>"; };
		471E8468251B6E41005B4B14 /* release.xcconfig */ = {isa = PBXFileReference; lastKnownFileType = text.xcconfig; path = release.xcconfig; sourceTree = "<group>"; };
		471E84AC251BB0F2005B4B14 /* annotation.cc */ = {isa = PBXFileReference; fileEncoding = 4; lastKnownFileType = sourcecode.cpp.cpp; path = annotation.cc; sourceTree = "<group>"; };
		471E84AD251BB0F2005B4B14 /* annotation.h */ = {isa = PBXFileReference; fileEncoding = 4; lastKnownFileType = sourcecode.c.h; path = annotation.h; sourceTree = "<group>"; };
		471E84B3251BB302005B4B14 /* writer.cc */ = {isa = PBXFileReference; fileEncoding = 4; lastKnownFileType = sourcecode.cpp.cpp; path = writer.cc; sourceTree = "<group>"; };
		471E84B4251BB302005B4B14 /* writer.h */ = {isa = PBXFileReference; fileEncoding = 4; lastKnownFileType = sourcecode.c.h; path = writer.h; sourceTree = "<group>"; };
		472C1896251A0E8200811559 /* casper-pdf-signer */ = {isa = PBXFileReference; explicitFileType = "compiled.mach-o.executable"; includeInIndex = 0; path = "casper-pdf-signer"; sourceTree = BUILT_PRODUCTS_DIR; };
		472C18A5251A0EAC00811559 /* libcps.a */ = {isa = PBXFileReference; explicitFileType = archive.ar; includeInIndex = 0; path = libcps.a; sourceTree = BUILT_PRODUCTS_DIR; };
		472C18B2251A0F2200811559 /* signer.cc */ = {isa = PBXFileReference; fileEncoding = 4; lastKnownFileType = sourcecode.cpp.cpp; path = signer.cc; sourceTree = "<group>"; };
		472C18C1251A100300811559 /* main.cc */ = {isa = PBXFileReference; fileEncoding = 4; lastKnownFileType = sourcecode.cpp.cpp; path = main.cc; sourceTree = "<group>"; };
		472C18C2251A100300811559 /* version.h */ = {isa = PBXFileReference; fileEncoding = 4; lastKnownFileType = sourcecode.c.h; path = version.h; sourceTree = "<group>"; };
		472C18C3251A100300811559 /* version.tpl.h */ = {isa = PBXFileReference; fileEncoding = 4; lastKnownFileType = sourcecode.c.h; path = version.tpl.h; sourceTree = "<group>"; };
		472C18CC251A110D00811559 /* LICENSE */ = {isa = PBXFileReference; lastKnownFileType = text; path = LICENSE; sourceTree = "<group>"; };
		472C18CD251A110D00811559 /* Makefile */ = {isa = PBXFileReference; lastKnownFileType = sourcecode.make; path = Makefile; sourceTree = "<group>"; };
		472C18D0251A11EE00811559 /* signer.h */ = {isa = PBXFileReference; fileEncoding = 4; lastKnownFileType = sourcecode.c.h; path = signer.h; sourceTree = "<group>"; };
		472C18D5251A15BA00811559 /* casper-connectors.xcodeproj */ = {isa = PBXFileReference; lastKnownFileType = "wrapper.pb-project"; name = "casper-connectors.xcodeproj"; path = "connectors/casper-connectors.xcodeproj"; sourceTree = "<group>"; };
		472C19EF251A17F900811559 /* p7.cc */ = {isa = PBXFileReference; fileEncoding = 4; lastKnownFileType = sourcecode.cpp.cpp; path = p7.cc; sourceTree = "<group>"; };
		472C19F0251A17F900811559 /* p7.h */ = {isa = PBXFileReference; fileEncoding = 4; lastKnownFileType = sourcecode.c.h; path = p7.h; sourceTree = "<group>"; };
		472C19F6251A192800811559 /* certificate.h */ = {isa = PBXFileReference; fileEncoding = 4; lastKnownFileType = sourcecode.c.h; path = certificate.h; sourceTree = "<group>"; };
		472C19F7251A192800811559 /* certificate.cc */ = {isa = PBXFileReference; fileEncoding = 4; lastKnownFileType = sourcecode.cpp.cpp; path = certificate.cc; sourceTree = "<group>"; };
		472C1A02251A1B2600811559 /* private_key.h */ = {isa = PBXFileReference; fileEncoding = 4; lastKnownFileType = sourcecode.c.h; path = private_key.h; sourceTree = "<group>"; };
		472C1A05251A1BA100811559 /* private_key.cc */ = {isa = PBXFileReference; fileEncoding = 4; lastKnownFileType = sourcecode.cpp.cpp; path = private_key.cc; sourceTree = "<group>"; };
		4785D98A252E28F700D1F8D2 /* object.cc */ = {isa = PBXFileReference; lastKnownFileType = sourcecode.cpp.cpp; path = object.cc; sourceTree = "<group>"; };
		4785D98B252E28F700D1F8D2 /* object.h */ = {isa = PBXFileReference; lastKnownFileType = sourcecode.c.h; path = object.h; sourceTree = "<group>"; };
		47B4F1BA251C8ECC001ED028 /* annotation.cc */ = {isa = PBXFileReference; fileEncoding = 4; lastKnownFileType = sourcecode.cpp.cpp; path = annotation.cc; sourceTree = "<group>"; };
		47B4F1BB251C8ECC001ED028 /* annotation.h */ = {isa = PBXFileReference; fileEncoding = 4; lastKnownFileType = sourcecode.c.h; path = annotation.h; sourceTree = "<group>"; };
		47B4F1DA251CA1C1001ED028 /* Foundation.framework */ = {isa = PBXFileReference; lastKnownFileType = wrapper.framework; name = Foundation.framework; path = System/Library/Frameworks/Foundation.framework; sourceTree = SDKROOT; };
		47B4F1DE251CA1D5001ED028 /* libiconv.tbd */ = {isa = PBXFileReference; lastKnownFileType = "sourcecode.text-based-dylib-definition"; name = libiconv.tbd; path = usr/lib/libiconv.tbd; sourceTree = SDKROOT; };
		47B4F1F2251CA207001ED028 /* liblzma.tbd */ = {isa = PBXFileReference; lastKnownFileType = "sourcecode.text-based-dylib-definition"; name = liblzma.tbd; path = usr/lib/liblzma.tbd; sourceTree = SDKROOT; };
		47B4F1F8251CA21A001ED028 /* libz.tbd */ = {isa = PBXFileReference; lastKnownFileType = "sourcecode.text-based-dylib-definition"; name = libz.tbd; path = usr/lib/libz.tbd; sourceTree = SDKROOT; };
		47B4F208251CA250001ED028 /* libbz2.tbd */ = {isa = PBXFileReference; lastKnownFileType = "sourcecode.text-based-dylib-definition"; name = libbz2.tbd; path = usr/lib/libbz2.tbd; sourceTree = SDKROOT; };
		47B4F225251CA422001ED028 /* writer.h */ = {isa = PBXFileReference; fileEncoding = 4; lastKnownFileType = sourcecode.c.h; path = writer.h; sourceTree = "<group>"; };
		47B4F226251CA422001ED028 /* writer.cc */ = {isa = PBXFileReference; fileEncoding = 4; lastKnownFileType = sourcecode.cpp.cpp; path = writer.cc; sourceTree = "<group>"; };
		47B4F230251CB31D001ED028 /* reader.cc */ = {isa = PBXFileReference; fileEncoding = 4; lastKnownFileType = sourcecode.cpp.cpp; path = reader.cc; sourceTree = "<group>"; };
		47B4F231251CB31D001ED028 /* reader.h */ = {isa = PBXFileReference; fileEncoding = 4; lastKnownFileType = sourcecode.c.h; path = reader.h; sourceTree = "<group>"; };
		47B4F237251CB326001ED028 /* reader.cc */ = {isa = PBXFileReference; fileEncoding = 4; lastKnownFileType = sourcecode.cpp.cpp; path = reader.cc; sourceTree = "<group>"; };
		47B4F238251CB327001ED028 /* reader.h */ = {isa = PBXFileReference; fileEncoding = 4; lastKnownFileType = sourcecode.c.h; path = reader.h; sourceTree = "<group>"; };
/* End PBXFileReference section */

/* Begin PBXFrameworksBuildPhase section */
		472C1893251A0E8200811559 /* Frameworks */ = {
			isa = PBXFrameworksBuildPhase;
			buildActionMask = 2147483647;
			files = (
				47B4F1DB251CA1C1001ED028 /* Foundation.framework in Frameworks */,
				472C19CF251A166100811559 /* libcasper-cc.a in Frameworks */,
				471E8464251B6E1B005B4B14 /* libqpdf.a in Frameworks */,
				47B4F1DF251CA1D6001ED028 /* libiconv.tbd in Frameworks */,
				47B4F209251CA250001ED028 /* libbz2.tbd in Frameworks */,
			);
			runOnlyForDeploymentPostprocessing = 0;
		};
		472C18A3251A0EAC00811559 /* Frameworks */ = {
			isa = PBXFrameworksBuildPhase;
			buildActionMask = 2147483647;
			files = (
			);
			runOnlyForDeploymentPostprocessing = 0;
		};
/* End PBXFrameworksBuildPhase section */

/* Begin PBXGroup section */
		471E8457251B6E04005B4B14 /* Products */ = {
			isa = PBXGroup;
			children = (
				471E845E251B6E04005B4B14 /* libqpdf.a */,
			);
			name = Products;
			sourceTree = "<group>";
		};
		471E8465251B6E41005B4B14 /* xcode */ = {
			isa = PBXGroup;
			children = (
				471E8466251B6E41005B4B14 /* common.xcconfig */,
				471E8467251B6E41005B4B14 /* debug.xcconfig */,
				471E8468251B6E41005B4B14 /* release.xcconfig */,
			);
			path = xcode;
			sourceTree = "<group>";
		};
		471E84AA251BB0C6005B4B14 /* qpdf */ = {
			isa = PBXGroup;
			children = (
				47B4F238251CB327001ED028 /* reader.h */,
				47B4F237251CB326001ED028 /* reader.cc */,
			);
			path = qpdf;
			sourceTree = "<group>";
		};
		471E84AB251BB0C6005B4B14 /* podofo */ = {
			isa = PBXGroup;
			children = (
				47B4F1BB251C8ECC001ED028 /* annotation.h */,
				47B4F1BA251C8ECC001ED028 /* annotation.cc */,
				471E84B4251BB302005B4B14 /* writer.h */,
				471E84B3251BB302005B4B14 /* writer.cc */,
			);
			path = podofo;
			sourceTree = "<group>";
		};
		472C188D251A0E8200811559 = {
			isa = PBXGroup;
			children = (
				472C18D4251A158800811559 /* third-party */,
				472C18D3251A157F00811559 /* casper-party */,
				472C18CC251A110D00811559 /* LICENSE */,
				472C18CD251A110D00811559 /* Makefile */,
				472C18AF251A0F2200811559 /* src */,
				472C1897251A0E8200811559 /* Products */,
				472C19CE251A166100811559 /* Frameworks */,
			);
			sourceTree = "<group>";
		};
		472C1897251A0E8200811559 /* Products */ = {
			isa = PBXGroup;
			children = (
				472C1896251A0E8200811559 /* casper-pdf-signer */,
				472C18A5251A0EAC00811559 /* libcps.a */,
			);
			name = Products;
			sourceTree = "<group>";
		};
		472C18AF251A0F2200811559 /* src */ = {
			isa = PBXGroup;
			children = (
				472C18B0251A0F2200811559 /* casper */,
				472C18C2251A100300811559 /* version.h */,
				472C18C3251A100300811559 /* version.tpl.h */,
				472C18C1251A100300811559 /* main.cc */,
			);
			path = src;
			sourceTree = "<group>";
		};
		472C18B0251A0F2200811559 /* casper */ = {
			isa = PBXGroup;
			children = (
				472C19EE251A17F900811559 /* openssl */,
				472C18B1251A0F2200811559 /* pdf */,
			);
			path = casper;
			sourceTree = "<group>";
		};
		472C18B1251A0F2200811559 /* pdf */ = {
			isa = PBXGroup;
			children = (
				470AC1FE25277AE100F4F665 /* types.h */,
				4785D98B252E28F700D1F8D2 /* object.h */,
				4785D98A252E28F700D1F8D2 /* object.cc */,
				471E84AD251BB0F2005B4B14 /* annotation.h */,
				471E84AC251BB0F2005B4B14 /* annotation.cc */,
				47B4F231251CB31D001ED028 /* reader.h */,
				47B4F230251CB31D001ED028 /* reader.cc */,
				47B4F225251CA422001ED028 /* writer.h */,
				47B4F226251CA422001ED028 /* writer.cc */,
				471E84AB251BB0C6005B4B14 /* podofo */,
				471E84AA251BB0C6005B4B14 /* qpdf */,
				472C18D0251A11EE00811559 /* signer.h */,
				472C18B2251A0F2200811559 /* signer.cc */,
			);
			path = pdf;
			sourceTree = "<group>";
		};
		472C18D3251A157F00811559 /* casper-party */ = {
			isa = PBXGroup;
			children = (
				471E8465251B6E41005B4B14 /* xcode */,
				472C18D5251A15BA00811559 /* casper-connectors.xcodeproj */,
			);
			name = "casper-party";
			path = "../casper-packager";
			sourceTree = "<group>";
		};
		472C18D4251A158800811559 /* third-party */ = {
			isa = PBXGroup;
			children = (
				471E8456251B6E04005B4B14 /* qpdf.xcodeproj */,
			);
			name = "third-party";
			path = "../casper-packager";
			sourceTree = "<group>";
		};
		472C18D6251A15BA00811559 /* Products */ = {
			isa = PBXGroup;
			children = (
				472C18DC251A15BA00811559 /* libcasper-connectors.a */,
				472C18DE251A15BA00811559 /* libcasper-connectors-v8.a */,
				472C18E0251A15BA00811559 /* libcasper-connectors-icu.a */,
				472C19CD251A165700811559 /* libcasper-cc.a */,
			);
			name = Products;
			sourceTree = "<group>";
		};
		472C19CE251A166100811559 /* Frameworks */ = {
			isa = PBXGroup;
			children = (
				47B4F208251CA250001ED028 /* libbz2.tbd */,
				47B4F1F8251CA21A001ED028 /* libz.tbd */,
				47B4F1F2251CA207001ED028 /* liblzma.tbd */,
				47B4F1DE251CA1D5001ED028 /* libiconv.tbd */,
				47B4F1DA251CA1C1001ED028 /* Foundation.framework */,
			);
			name = Frameworks;
			sourceTree = "<group>";
		};
		472C19EE251A17F900811559 /* openssl */ = {
			isa = PBXGroup;
			children = (
				472C1A02251A1B2600811559 /* private_key.h */,
				472C1A05251A1BA100811559 /* private_key.cc */,
				472C19F6251A192800811559 /* certificate.h */,
				472C19F7251A192800811559 /* certificate.cc */,
				472C19F0251A17F900811559 /* p7.h */,
				472C19EF251A17F900811559 /* p7.cc */,
			);
			path = openssl;
			sourceTree = "<group>";
		};
/* End PBXGroup section */

/* Begin PBXHeadersBuildPhase section */
		472C18A1251A0EAC00811559 /* Headers */ = {
			isa = PBXHeadersBuildPhase;
			buildActionMask = 2147483647;
			files = (
				47B4F1BE251C8ECC001ED028 /* annotation.h in Headers */,
				47B4F23B251CB327001ED028 /* reader.h in Headers */,
				47B4F227251CA422001ED028 /* writer.h in Headers */,
				47B4F234251CB31D001ED028 /* reader.h in Headers */,
			);
			runOnlyForDeploymentPostprocessing = 0;
		};
/* End PBXHeadersBuildPhase section */

/* Begin PBXNativeTarget section */
		472C1895251A0E8200811559 /* casper-pdf-signer */ = {
			isa = PBXNativeTarget;
			buildConfigurationList = 472C189D251A0E8200811559 /* Build configuration list for PBXNativeTarget "casper-pdf-signer" */;
			buildPhases = (
				472C1892251A0E8200811559 /* Sources */,
				472C1893251A0E8200811559 /* Frameworks */,
				472C1894251A0E8200811559 /* CopyFiles */,
			);
			buildRules = (
			);
			dependencies = (
				472C19C7251A165700811559 /* PBXTargetDependency */,
				471E8463251B6E11005B4B14 /* PBXTargetDependency */,
			);
			name = "casper-pdf-signer";
			productName = "casper-pdf-signer";
			productReference = 472C1896251A0E8200811559 /* casper-pdf-signer */;
			productType = "com.apple.product-type.tool";
		};
		472C18A4251A0EAC00811559 /* cps */ = {
			isa = PBXNativeTarget;
			buildConfigurationList = 472C18A6251A0EAC00811559 /* Build configuration list for PBXNativeTarget "cps" */;
			buildPhases = (
				472C18A1251A0EAC00811559 /* Headers */,
				472C18A2251A0EAC00811559 /* Sources */,
				472C18A3251A0EAC00811559 /* Frameworks */,
			);
			buildRules = (
			);
			dependencies = (
			);
			name = cps;
			productName = cps;
			productReference = 472C18A5251A0EAC00811559 /* libcps.a */;
			productType = "com.apple.product-type.library.static";
		};
/* End PBXNativeTarget section */

/* Begin PBXProject section */
		472C188E251A0E8200811559 /* Project object */ = {
			isa = PBXProject;
			attributes = {
				LastUpgradeCheck = 1200;
				TargetAttributes = {
					472C1895251A0E8200811559 = {
						CreatedOnToolsVersion = 12.0;
					};
					472C18A4251A0EAC00811559 = {
						CreatedOnToolsVersion = 12.0;
					};
				};
			};
			buildConfigurationList = 472C1891251A0E8200811559 /* Build configuration list for PBXProject "casper-pdf-signer" */;
			compatibilityVersion = "Xcode 9.3";
			developmentRegion = en;
			hasScannedForEncodings = 0;
			knownRegions = (
				en,
				Base,
			);
			mainGroup = 472C188D251A0E8200811559;
			productRefGroup = 472C1897251A0E8200811559 /* Products */;
			projectDirPath = "";
			projectReferences = (
				{
					ProductGroup = 472C18D6251A15BA00811559 /* Products */;
					ProjectRef = 472C18D5251A15BA00811559 /* casper-connectors.xcodeproj */;
				},
				{
					ProductGroup = 471E8457251B6E04005B4B14 /* Products */;
					ProjectRef = 471E8456251B6E04005B4B14 /* qpdf.xcodeproj */;
				},
			);
			projectRoot = "";
			targets = (
				472C1895251A0E8200811559 /* casper-pdf-signer */,
				472C18A4251A0EAC00811559 /* cps */,
			);
		};
/* End PBXProject section */

/* Begin PBXReferenceProxy section */
		471E845E251B6E04005B4B14 /* libqpdf.a */ = {
			isa = PBXReferenceProxy;
			fileType = archive.ar;
			path = libqpdf.a;
			remoteRef = 471E845D251B6E04005B4B14 /* PBXContainerItemProxy */;
			sourceTree = BUILT_PRODUCTS_DIR;
		};
		472C18DC251A15BA00811559 /* libcasper-connectors.a */ = {
			isa = PBXReferenceProxy;
			fileType = archive.ar;
			path = "libcasper-connectors.a";
			remoteRef = 472C18DB251A15BA00811559 /* PBXContainerItemProxy */;
			sourceTree = BUILT_PRODUCTS_DIR;
		};
		472C18DE251A15BA00811559 /* libcasper-connectors-v8.a */ = {
			isa = PBXReferenceProxy;
			fileType = archive.ar;
			path = "libcasper-connectors-v8.a";
			remoteRef = 472C18DD251A15BA00811559 /* PBXContainerItemProxy */;
			sourceTree = BUILT_PRODUCTS_DIR;
		};
		472C18E0251A15BA00811559 /* libcasper-connectors-icu.a */ = {
			isa = PBXReferenceProxy;
			fileType = archive.ar;
			path = "libcasper-connectors-icu.a";
			remoteRef = 472C18DF251A15BA00811559 /* PBXContainerItemProxy */;
			sourceTree = BUILT_PRODUCTS_DIR;
		};
		472C19CD251A165700811559 /* libcasper-cc.a */ = {
			isa = PBXReferenceProxy;
			fileType = archive.ar;
			path = "libcasper-cc.a";
			remoteRef = 472C19CC251A165700811559 /* PBXContainerItemProxy */;
			sourceTree = BUILT_PRODUCTS_DIR;
		};
/* End PBXReferenceProxy section */

/* Begin PBXSourcesBuildPhase section */
		472C1892251A0E8200811559 /* Sources */ = {
			isa = PBXSourcesBuildPhase;
			buildActionMask = 2147483647;
			files = (
				472C19F1251A17F900811559 /* p7.cc in Sources */,
				47B4F232251CB31D001ED028 /* reader.cc in Sources */,
				47B4F1BC251C8ECC001ED028 /* annotation.cc in Sources */,
				47B4F239251CB327001ED028 /* reader.cc in Sources */,
				4785D98C252E28F700D1F8D2 /* object.cc in Sources */,
				472C19F8251A192800811559 /* certificate.cc in Sources */,
				471E84AE251BB0F2005B4B14 /* annotation.cc in Sources */,
				471E84B5251BB302005B4B14 /* writer.cc in Sources */,
				47B4F228251CA422001ED028 /* writer.cc in Sources */,
				472C18C4251A100300811559 /* main.cc in Sources */,
				472C1A06251A1BA100811559 /* private_key.cc in Sources */,
				472C18B4251A0F2200811559 /* signer.cc in Sources */,
			);
			runOnlyForDeploymentPostprocessing = 0;
		};
		472C18A2251A0EAC00811559 /* Sources */ = {
			isa = PBXSourcesBuildPhase;
			buildActionMask = 2147483647;
			files = (
				47B4F21D251CA277001ED028 /* p7.cc in Sources */,
				47B4F23A251CB327001ED028 /* reader.cc in Sources */,
				47B4F220251CA277001ED028 /* signer.cc in Sources */,
				47B4F21F251CA277001ED028 /* writer.cc in Sources */,
				4785D994252E299700D1F8D2 /* object.cc in Sources */,
				47B4F221251CA277001ED028 /* annotation.cc in Sources */,
				47B4F229251CA422001ED028 /* writer.cc in Sources */,
				47B4F222251CA277001ED028 /* annotation.cc in Sources */,
				47B4F21E251CA277001ED028 /* certificate.cc in Sources */,
				47B4F233251CB31D001ED028 /* reader.cc in Sources */,
				47B4F21C251CA277001ED028 /* private_key.cc in Sources */,
			);
			runOnlyForDeploymentPostprocessing = 0;
		};
/* End PBXSourcesBuildPhase section */

/* Begin PBXTargetDependency section */
		471E8463251B6E11005B4B14 /* PBXTargetDependency */ = {
			isa = PBXTargetDependency;
			name = qpdf;
			targetProxy = 471E8462251B6E11005B4B14 /* PBXContainerItemProxy */;
		};
		472C19C7251A165700811559 /* PBXTargetDependency */ = {
			isa = PBXTargetDependency;
			name = "casper-cc";
			targetProxy = 472C19C6251A165700811559 /* PBXContainerItemProxy */;
		};
/* End PBXTargetDependency section */

/* Begin XCBuildConfiguration section */
		472C189B251A0E8200811559 /* Debug */ = {
			isa = XCBuildConfiguration;
			buildSettings = {
				ALWAYS_SEARCH_USER_PATHS = NO;
				CLANG_ANALYZER_NONNULL = YES;
				CLANG_ANALYZER_NUMBER_OBJECT_CONVERSION = YES_AGGRESSIVE;
				CLANG_CXX_LANGUAGE_STANDARD = "gnu++14";
				CLANG_CXX_LIBRARY = "libc++";
				CLANG_ENABLE_MODULES = YES;
				CLANG_ENABLE_OBJC_ARC = YES;
				CLANG_ENABLE_OBJC_WEAK = YES;
				CLANG_WARN_BLOCK_CAPTURE_AUTORELEASING = YES;
				CLANG_WARN_BOOL_CONVERSION = YES;
				CLANG_WARN_COMMA = YES;
				CLANG_WARN_CONSTANT_CONVERSION = YES;
				CLANG_WARN_DEPRECATED_OBJC_IMPLEMENTATIONS = YES;
				CLANG_WARN_DIRECT_OBJC_ISA_USAGE = YES_ERROR;
				CLANG_WARN_DOCUMENTATION_COMMENTS = YES;
				CLANG_WARN_EMPTY_BODY = YES;
				CLANG_WARN_ENUM_CONVERSION = YES;
				CLANG_WARN_INFINITE_RECURSION = YES;
				CLANG_WARN_INT_CONVERSION = YES;
				CLANG_WARN_NON_LITERAL_NULL_CONVERSION = YES;
				CLANG_WARN_OBJC_IMPLICIT_RETAIN_SELF = YES;
				CLANG_WARN_OBJC_LITERAL_CONVERSION = YES;
				CLANG_WARN_OBJC_ROOT_CLASS = YES_ERROR;
				CLANG_WARN_QUOTED_INCLUDE_IN_FRAMEWORK_HEADER = YES;
				CLANG_WARN_RANGE_LOOP_ANALYSIS = YES;
				CLANG_WARN_STRICT_PROTOTYPES = YES;
				CLANG_WARN_SUSPICIOUS_MOVE = YES;
				CLANG_WARN_UNGUARDED_AVAILABILITY = YES_AGGRESSIVE;
				CLANG_WARN_UNREACHABLE_CODE = YES;
				CLANG_WARN__DUPLICATE_METHOD_MATCH = YES;
				COPY_PHASE_STRIP = NO;
				DEBUG_INFORMATION_FORMAT = dwarf;
				ENABLE_STRICT_OBJC_MSGSEND = YES;
				ENABLE_TESTABILITY = YES;
				GCC_C_LANGUAGE_STANDARD = gnu11;
				GCC_DYNAMIC_NO_PIC = NO;
				GCC_NO_COMMON_BLOCKS = YES;
				GCC_OPTIMIZATION_LEVEL = 0;
				GCC_PREPROCESSOR_DEFINITIONS = (
					"DEBUG=1",
					"$(inherited)",
				);
				GCC_WARN_64_TO_32_BIT_CONVERSION = YES;
				GCC_WARN_ABOUT_RETURN_TYPE = YES_ERROR;
				GCC_WARN_UNDECLARED_SELECTOR = YES;
				GCC_WARN_UNINITIALIZED_AUTOS = YES_AGGRESSIVE;
				GCC_WARN_UNUSED_FUNCTION = YES;
				GCC_WARN_UNUSED_VARIABLE = YES;
				HEADER_SEARCH_PATHS = (
					"$(SRCROOT)/../casper-packager/openssl/darwin/pkg/$(CONFIGURATION)/openssl/usr/local/casper/openssl/include",
					"$(SRCROOT)/../casper-packager/podofo/darwin/pkg/$(CONFIGURATION)/podofo/usr/local/casper/podofo/include",
					"$(SRCROOT)/../casper-packager/qpdf/darwin/pkg/$(CONFIGURATION)/qpdf/usr/local/casper/qpdf/include",
				);
				MACOSX_DEPLOYMENT_TARGET = 10.15;
				MTL_ENABLE_DEBUG_INFO = INCLUDE_SOURCE;
				MTL_FAST_MATH = YES;
				ONLY_ACTIVE_ARCH = YES;
				SDKROOT = macosx;
				USER_HEADER_SEARCH_PATHS = (
					"$(SRCROOT)/src",
					"$(SRCROOT)/../casper-connectors/src",
					"$(SRCROOT)/../casper-osal/src",
					"$(SRCROOT)/../cppcodec",
				);
			};
			name = Debug;
		};
		472C189C251A0E8200811559 /* Release */ = {
			isa = XCBuildConfiguration;
			buildSettings = {
				ALWAYS_SEARCH_USER_PATHS = NO;
				CLANG_ANALYZER_NONNULL = YES;
				CLANG_ANALYZER_NUMBER_OBJECT_CONVERSION = YES_AGGRESSIVE;
				CLANG_CXX_LANGUAGE_STANDARD = "gnu++14";
				CLANG_CXX_LIBRARY = "libc++";
				CLANG_ENABLE_MODULES = YES;
				CLANG_ENABLE_OBJC_ARC = YES;
				CLANG_ENABLE_OBJC_WEAK = YES;
				CLANG_WARN_BLOCK_CAPTURE_AUTORELEASING = YES;
				CLANG_WARN_BOOL_CONVERSION = YES;
				CLANG_WARN_COMMA = YES;
				CLANG_WARN_CONSTANT_CONVERSION = YES;
				CLANG_WARN_DEPRECATED_OBJC_IMPLEMENTATIONS = YES;
				CLANG_WARN_DIRECT_OBJC_ISA_USAGE = YES_ERROR;
				CLANG_WARN_DOCUMENTATION_COMMENTS = YES;
				CLANG_WARN_EMPTY_BODY = YES;
				CLANG_WARN_ENUM_CONVERSION = YES;
				CLANG_WARN_INFINITE_RECURSION = YES;
				CLANG_WARN_INT_CONVERSION = YES;
				CLANG_WARN_NON_LITERAL_NULL_CONVERSION = YES;
				CLANG_WARN_OBJC_IMPLICIT_RETAIN_SELF = YES;
				CLANG_WARN_OBJC_LITERAL_CONVERSION = YES;
				CLANG_WARN_OBJC_ROOT_CLASS = YES_ERROR;
				CLANG_WARN_QUOTED_INCLUDE_IN_FRAMEWORK_HEADER = YES;
				CLANG_WARN_RANGE_LOOP_ANALYSIS = YES;
				CLANG_WARN_STRICT_PROTOTYPES = YES;
				CLANG_WARN_SUSPICIOUS_MOVE = YES;
				CLANG_WARN_UNGUARDED_AVAILABILITY = YES_AGGRESSIVE;
				CLANG_WARN_UNREACHABLE_CODE = YES;
				CLANG_WARN__DUPLICATE_METHOD_MATCH = YES;
				COPY_PHASE_STRIP = NO;
				DEBUG_INFORMATION_FORMAT = "dwarf-with-dsym";
				ENABLE_NS_ASSERTIONS = NO;
				ENABLE_STRICT_OBJC_MSGSEND = YES;
				GCC_C_LANGUAGE_STANDARD = gnu11;
				GCC_NO_COMMON_BLOCKS = YES;
				GCC_WARN_64_TO_32_BIT_CONVERSION = YES;
				GCC_WARN_ABOUT_RETURN_TYPE = YES_ERROR;
				GCC_WARN_UNDECLARED_SELECTOR = YES;
				GCC_WARN_UNINITIALIZED_AUTOS = YES_AGGRESSIVE;
				GCC_WARN_UNUSED_FUNCTION = YES;
				GCC_WARN_UNUSED_VARIABLE = YES;
				HEADER_SEARCH_PATHS = (
					"$(SRCROOT)/../casper-packager/openssl/darwin/pkg/$(CONFIGURATION)/openssl/usr/local/casper/openssl/include",
					"$(SRCROOT)/../casper-packager/podofo/darwin/pkg/$(CONFIGURATION)/podofo/usr/local/casper/podofo/include",
					"$(SRCROOT)/../casper-packager/qpdf/darwin/pkg/$(CONFIGURATION)/qpdf/usr/local/casper/qpdf/include",
				);
				MACOSX_DEPLOYMENT_TARGET = 10.15;
				MTL_ENABLE_DEBUG_INFO = NO;
				MTL_FAST_MATH = YES;
				SDKROOT = macosx;
				USER_HEADER_SEARCH_PATHS = (
					"$(SRCROOT)/src",
					"$(SRCROOT)/../casper-connectors/src",
					"$(SRCROOT)/../casper-osal/src",
					"$(SRCROOT)/../cppcodec",
				);
			};
			name = Release;
		};
		472C189E251A0E8200811559 /* Debug */ = {
			isa = XCBuildConfiguration;
			baseConfigurationReference = 471E8467251B6E41005B4B14 /* debug.xcconfig */;
			buildSettings = {
				CODE_SIGN_STYLE = Automatic;
				HEADER_SEARCH_PATHS = "$(inherited)";
				OTHER_LDFLAGS = (
					"$(SRCROOT)/../casper-packager/openssl/darwin/pkg/$(CONFIGURATION)/openssl/usr/local/casper/openssl/lib/libssl.a",
					"$(SRCROOT)/../casper-packager/openssl/darwin/pkg/$(CONFIGURATION)/openssl/usr/local/casper/openssl/lib/libcrypto.a",
					"$(SRCROOT)/../casper-packager/libjpeg/darwin/pkg/$(CONFIGURATION)/libjpeg/usr/local/casper/libjpeg/lib/libjpeg.a",
					"$(SRCROOT)/../casper-packager/zlib/darwin/pkg/$(CONFIGURATION)/zlib/usr/local/casper/zlib/lib/libz.a",
					"$(SRCROOT)/../casper-packager/podofo/darwin/pkg/$(CONFIGURATION)/podofo/usr/local/casper/podofo/lib/libpodofo.a",
					"$(SRCROOT)/../casper-packager/freetype/darwin/pkg/$(CONFIGURATION)/freetype/usr/local/casper/freetype/lib/libfreetype.a",
					"$(SRCROOT)/../casper-packager/libunistring/darwin/pkg/$(CONFIGURATION)/libunistring/usr/local/casper/libunistring/lib/libunistring.a",
					"$(SRCROOT)/../casper-packager/libpng/darwin/pkg/$(CONFIGURATION)/libpng/usr/local/casper/libpng/lib/libpng.a",
					"$(SRCROOT)/../casper-packager/fontconfig/darwin/pkg/$(CONFIGURATION)/fontconfig/usr/local/casper/fontconfig/lib/libfontconfig.a",
					"$(SRCROOT)/../casper-packager/libxml2/darwin/pkg/$(CONFIGURATION)/libxml2/usr/local/casper/libxml2/lib/libxml2.a",
					"$(SRCROOT)/../casper-packager/libexpat/darwin/pkg/$(CONFIGURATION)/libexpat/usr/local/casper/libexpat/lib/libexpat.a",
					"$(SRCROOT)/../casper-packager/gettext/darwin/pkg/$(CONFIGURATION)/gettext/usr/local/casper/gettext/lib/libgnuintl.a",
					"$(SRCROOT)/../casper-packager/libtiff/darwin/pkg/$(CONFIGURATION)/libtiff/usr/local/casper/libtiff/lib/libtiff.a",
				);
				PRODUCT_NAME = "$(TARGET_NAME)";
				USER_HEADER_SEARCH_PATHS = "$(inherited)";
			};
			name = Debug;
		};
		472C189F251A0E8200811559 /* Release */ = {
			isa = XCBuildConfiguration;
			baseConfigurationReference = 471E8468251B6E41005B4B14 /* release.xcconfig */;
			buildSettings = {
				CODE_SIGN_STYLE = Automatic;
				HEADER_SEARCH_PATHS = "$(inherited)";
				OTHER_LDFLAGS = (
					"$(SRCROOT)/../casper-packager/openssl/darwin/pkg/$(CONFIGURATION)/openssl/usr/local/casper/openssl/lib/libssl.a",
					"$(SRCROOT)/../casper-packager/openssl/darwin/pkg/$(CONFIGURATION)/openssl/usr/local/casper/openssl/lib/libcrypto.a",
					"$(SRCROOT)/../casper-packager/libjpeg/darwin/pkg/$(CONFIGURATION)/libjpeg/usr/local/casper/libjpeg/lib/libjpeg.a",
					"$(SRCROOT)/../casper-packager/zlib/darwin/pkg/$(CONFIGURATION)/zlib/usr/local/casper/zlib/lib/libz.a",
					"$(SRCROOT)/../casper-packager/podofo/darwin/pkg/$(CONFIGURATION)/podofo/usr/local/casper/podofo/lib/libpodofo.a",
					"$(SRCROOT)/../casper-packager/freetype/darwin/pkg/$(CONFIGURATION)/freetype/usr/local/casper/freetype/lib/libfreetype.a",
					"$(SRCROOT)/../casper-packager/libunistring/darwin/pkg/$(CONFIGURATION)/libunistring/usr/local/casper/libunistring/lib/libunistring.a",
					"$(SRCROOT)/../casper-packager/libpng/darwin/pkg/$(CONFIGURATION)/libpng/usr/local/casper/libpng/lib/libpng.a",
					"$(SRCROOT)/../casper-packager/fontconfig/darwin/pkg/$(CONFIGURATION)/fontconfig/usr/local/casper/fontconfig/lib/libfontconfig.a",
					"$(SRCROOT)/../casper-packager/libxml2/darwin/pkg/$(CONFIGURATION)/libxml2/usr/local/casper/libxml2/lib/libxml2.a",
					"$(SRCROOT)/../casper-packager/libexpat/darwin/pkg/$(CONFIGURATION)/libexpat/usr/local/casper/libexpat/lib/libexpat.a",
					"$(SRCROOT)/../casper-packager/gettext/darwin/pkg/$(CONFIGURATION)/gettext/usr/local/casper/gettext/lib/libgnuintl.a",
					"$(SRCROOT)/../casper-packager/libtiff/darwin/pkg/$(CONFIGURATION)/libtiff/usr/local/casper/libtiff/lib/libtiff.a",
				);
				PRODUCT_NAME = "$(TARGET_NAME)";
				USER_HEADER_SEARCH_PATHS = "$(inherited)";
			};
			name = Release;
		};
		472C18A7251A0EAC00811559 /* Debug */ = {
			isa = XCBuildConfiguration;
			baseConfigurationReference = 471E8467251B6E41005B4B14 /* debug.xcconfig */;
			buildSettings = {
				CODE_SIGN_STYLE = Automatic;
				EXECUTABLE_PREFIX = lib;
				PRODUCT_NAME = "$(TARGET_NAME)";
				SKIP_INSTALL = YES;
			};
			name = Debug;
		};
		472C18A8251A0EAC00811559 /* Release */ = {
			isa = XCBuildConfiguration;
			baseConfigurationReference = 471E8468251B6E41005B4B14 /* release.xcconfig */;
			buildSettings = {
				CODE_SIGN_STYLE = Automatic;
				EXECUTABLE_PREFIX = lib;
				PRODUCT_NAME = "$(TARGET_NAME)";
				SKIP_INSTALL = YES;
			};
			name = Release;
		};
/* End XCBuildConfiguration section */

/* Begin XCConfigurationList section */
		472C1891251A0E8200811559 /* Build configuration list for PBXProject "casper-pdf-signer" */ = {
			isa = XCConfigurationList;
			buildConfigurations = (
				472C189B251A0E8200811559 /* Debug */,
				472C189C251A0E8200811559 /* Release */,
			);
			defaultConfigurationIsVisible = 0;
			defaultConfigurationName = Release;
		};
		472C189D251A0E8200811559 /* Build configuration list for PBXNativeTarget "casper-pdf-signer" */ = {
			isa = XCConfigurationList;
			buildConfigurations = (
				472C189E251A0E8200811559 /* Debug */,
				472C189F251A0E8200811559 /* Release */,
			);
			defaultConfigurationIsVisible = 0;
			defaultConfigurationName = Release;
		};
		472C18A6251A0EAC00811559 /* Build configuration list for PBXNativeTarget "cps" */ = {
			isa = XCConfigurationList;
			buildConfigurations = (
				472C18A7251A0EAC00811559 /* Debug */,
				472C18A8251A0EAC00811559 /* Release */,
			);
			defaultConfigurationIsVisible = 0;
			defaultConfigurationName = Release;
		};
/* End XCConfigurationList section */
	};
	rootObject = 472C188E251A0E8200811559 /* Project object */;
}
